<?xml version="1.0" encoding="utf-8"?>
<Project ToolsVersion="4.0" xmlns="http://schemas.microsoft.com/developer/msbuild/2003">
  <ItemGroup>
    <Filter Include="Source Files">
      <UniqueIdentifier>{4FC737F1-C7A5-4376-A066-2A32D752A2FF}</UniqueIdentifier>
      <Extensions>cpp;c;cc;cxx;def;odl;idl;hpj;bat;asm;asmx</Extensions>
    </Filter>
    <Filter Include="Header Files">
      <UniqueIdentifier>{93995380-89BD-4b04-88EB-625FBE52EBFB}</UniqueIdentifier>
      <Extensions>h;hh;hpp;hxx;hm;inl;inc;ipp;xsd</Extensions>
    </Filter>
    <Filter Include="PxPackage">
      <UniqueIdentifier>{54a606d0-31e1-45df-a501-6060cd8a798f}</UniqueIdentifier>
    </Filter>
  </ItemGroup>
  <ItemGroup>
    <ClInclude Include="pch.h">
      <Filter>Header Files</Filter>
    </ClInclude>
    <ClInclude Include="PxPackage.hpp">
      <Filter>PxPackage</Filter>
    </ClInclude>
    <ClInclude Include="PxMappedFile.hpp">
      <Filter>PxPackage</Filter>
    </ClInclude>
    <ClInclude Include="PxPackageSerializer.hpp">
      <Filter>PxPackage</Filter>
    </ClInclude>
    <ClInclude Include="PxPackageArchiver.hpp">
      <Filter>PxPackage</Filter>
    </ClInclude>
    <ClInclude Include="PxPackageStructure.hpp">
      <Filter>PxPackage</Filter>
    </ClInclude>
  </ItemGroup>
  <ItemGroup>
    <ClCompile Include="pch.cpp">
      <Filter>Source Files</Filter>
    </ClCompile>
    <ClCompile Include="Main.cpp">
      <Filter>Source Files</Filter>
    </ClCompile>
    <ClCompile Include="PxMappedFile.cxx">
      <Filter>PxPackage</Filter>
    </ClCompile>
    <ClCompile Include="PxPackage.cxx">
      <Filter>PxPackage</Filter>
    </ClCompile>
    <ClCompile Include="PxPackageArchiver.cxx">
      <Filter>PxPackage</Filter>
    </ClCompile>
    <ClCompile Include="PxPackageSerializer.cxx">
      <Filter>PxPackage</Filter>
    </ClCompile>
  </ItemGroup>
</Project>